
Microsoft Visual Studio Solution File, Format Version 12.00
# Visual Studio 14
VisualStudioVersion = 14.0.25420.1
MinimumVisualStudioVersion = 10.0.40219.1
Project("{F184B08F-C81C-45F6-A57F-5ABD9991F28F}") = "EasyDataFile.Export", "EasyDataFile.Export\EasyDataFile.Export.vbproj", "{37252F74-CBFC-43C1-9ADD-34AB19D96038}"
EndProject
Project("{FAE04EC0-301F-11D3-BF4B-00C04F79EFBC}") = "EasyDataFile.Import", "EasyDataFile.Import\EasyDataFile.Import.csproj", "{47705082-C7D2-4EBB-BA95-E7A14A6A66C4}"
EndProject
Project("{FAE04EC0-301F-11D3-BF4B-00C04F79EFBC}") = "EasyDataFile.Test", "EasyDataFile.Test\EasyDataFile.Test.csproj", "{1DBF9E55-35AB-4882-9ADD-498F939013DF}"
EndProject
Global
	GlobalSection(SolutionConfigurationPlatforms) = preSolution
		Debug|Any CPU = Debug|Any CPU
		Release|Any CPU = Release|Any CPU
	EndGlobalSection
	GlobalSection(ProjectConfigurationPlatforms) = postSolution
		{37252F74-CBFC-43C1-9ADD-34AB19D96038}.Debug|Any CPU.ActiveCfg = Debug|Any CPU
		{37252F74-CBFC-43C1-9ADD-34AB19D96038}.Debug|Any CPU.Build.0 = Debug|Any CPU
		{37252F74-CBFC-43C1-9ADD-34AB19D96038}.Release|Any CPU.ActiveCfg = Release|Any CPU
		{37252F74-CBFC-43C1-9ADD-34AB19D96038}.Release|Any CPU.Build.0 = Release|Any CPU
		{47705082-C7D2-4EBB-BA95-E7A14A6A66C4}.Debug|Any CPU.ActiveCfg = Debug|Any CPU
		{47705082-C7D2-4EBB-BA95-E7A14A6A66C4}.Debug|Any CPU.Build.0 = Debug|Any CPU
		{47705082-C7D2-4EBB-BA95-E7A14A6A66C4}.Release|Any CPU.ActiveCfg = Release|Any CPU
		{47705082-C7D2-4EBB-BA95-E7A14A6A66C4}.Release|Any CPU.Build.0 = Release|Any CPU
		{1DBF9E55-35AB-4882-9ADD-498F939013DF}.Debug|Any CPU.ActiveCfg = Debug|Any CPU
		{1DBF9E55-35AB-4882-9ADD-498F939013DF}.Debug|Any CPU.Build.0 = Debug|Any CPU
		{1DBF9E55-35AB-4882-9ADD-498F939013DF}.Release|Any CPU.ActiveCfg = Release|Any CPU
		{1DBF9E55-35AB-4882-9ADD-498F939013DF}.Release|Any CPU.Build.0 = Release|Any CPU
	EndGlobalSection
	GlobalSection(SolutionProperties) = preSolution
		HideSolutionNode = FALSE
	EndGlobalSection
EndGlobal
